Microsoft Visual Studio Solution File, Format Version 12.00
# Visual Studio 15
VisualStudioVersion = 15.0.26711.1
MinimumVisualStudioVersion = 15.0.26124.0
Project("{2150E333-8FDC-42A3-9474-1A3956D46DE8}") = "src", "src", "{3939D1C9-9491-4B7F-B78B-E518084C2C38}"
EndProject
Project("{9A19103F-16F7-4668-BE54-9A1E7A4F7556}") = "Sejil.Server", "src\Sejil.Server\Sejil.csproj", "{5810C901-5B94-4A47-86D6-94D251BF9CD1}"
EndProject
Project("{9A19103F-16F7-4668-BE54-9A1E7A4F7556}") = "Sample", "sample\Sample\Sample.csproj", "{9E8D75B5-B313-4744-A70B-6CB7E60682B3}"
EndProject
Global
	GlobalSection(SolutionConfigurationPlatforms) = preSolution
		Debug|Any CPU = Debug|Any CPU
		Debug|x64 = Debug|x64
		Debug|x86 = Debug|x86
		Release|Any CPU = Release|Any CPU
		Release|x64 = Release|x64
		Release|x86 = Release|x86
	EndGlobalSection
	GlobalSection(ProjectConfigurationPlatforms) = postSolution
		{5810C901-5B94-4A47-86D6-94D251BF9CD1}.Debug|Any CPU.ActiveCfg = Debug|Any CPU
		{5810C901-5B94-4A47-86D6-94D251BF9CD1}.Debug|Any CPU.Build.0 = Debug|Any CPU
		{5810C901-5B94-4A47-86D6-94D251BF9CD1}.Debug|x64.ActiveCfg = Debug|Any CPU
		{5810C901-5B94-4A47-86D6-94D251BF9CD1}.Debug|x64.Build.0 = Debug|Any CPU
		{5810C901-5B94-4A47-86D6-94D251BF9CD1}.Debug|x86.ActiveCfg = Debug|Any CPU
		{5810C901-5B94-4A47-86D6-94D251BF9CD1}.Debug|x86.Build.0 = Debug|Any CPU
		{5810C901-5B94-4A47-86D6-94D251BF9CD1}.Release|Any CPU.ActiveCfg = Release|Any CPU
		{5810C901-5B94-4A47-86D6-94D251BF9CD1}.Release|Any CPU.Build.0 = Release|Any CPU
		{5810C901-5B94-4A47-86D6-94D251BF9CD1}.Release|x64.ActiveCfg = Release|Any CPU
		{5810C901-5B94-4A47-86D6-94D251BF9CD1}.Release|x64.Build.0 = Release|Any CPU
		{5810C901-5B94-4A47-86D6-94D251BF9CD1}.Release|x86.ActiveCfg = Release|Any CPU
		{5810C901-5B94-4A47-86D6-94D251BF9CD1}.Release|x86.Build.0 = Release|Any CPU
		{9E8D75B5-B313-4744-A70B-6CB7E60682B3}.Debug|Any CPU.ActiveCfg = Debug|Any CPU
		{9E8D75B5-B313-4744-A70B-6CB7E60682B3}.Debug|Any CPU.Build.0 = Debug|Any CPU
		{9E8D75B5-B313-4744-A70B-6CB7E60682B3}.Debug|x64.ActiveCfg = Debug|Any CPU
		{9E8D75B5-B313-4744-A70B-6CB7E60682B3}.Debug|x64.Build.0 = Debug|Any CPU
		{9E8D75B5-B313-4744-A70B-6CB7E60682B3}.Debug|x86.ActiveCfg = Debug|Any CPU
		{9E8D75B5-B313-4744-A70B-6CB7E60682B3}.Debug|x86.Build.0 = Debug|Any CPU
		{9E8D75B5-B313-4744-A70B-6CB7E60682B3}.Release|Any CPU.ActiveCfg = Release|Any CPU
		{9E8D75B5-B313-4744-A70B-6CB7E60682B3}.Release|Any CPU.Build.0 = Release|Any CPU
		{9E8D75B5-B313-4744-A70B-6CB7E60682B3}.Release|x64.ActiveCfg = Release|Any CPU
		{9E8D75B5-B313-4744-A70B-6CB7E60682B3}.Release|x64.Build.0 = Release|Any CPU
		{9E8D75B5-B313-4744-A70B-6CB7E60682B3}.Release|x86.ActiveCfg = Release|Any CPU
		{9E8D75B5-B313-4744-A70B-6CB7E60682B3}.Release|x86.Build.0 = Release|Any CPU
	EndGlobalSection
	GlobalSection(SolutionProperties) = preSolution
		HideSolutionNode = FALSE
	EndGlobalSection
	GlobalSection(NestedProjects) = preSolution
		{5810C901-5B94-4A47-86D6-94D251BF9CD1} = {3939D1C9-9491-4B7F-B78B-E518084C2C38}
	EndGlobalSection
	GlobalSection(ExtensibilityGlobals) = postSolution
		SolutionGuid = {FFBB6D79-6434-4DE1-9503-9330D749DC91}
	EndGlobalSection
EndGlobal
