
Microsoft Visual Studio Solution File, Format Version 12.00
# Visual Studio Version 17
VisualStudioVersion = 17.1.31903.286
MinimumVisualStudioVersion = 15.0.26124.0
Project("{2150E333-8FDC-42A3-9474-1A3956D46DE8}") = "src", "src", "{3939D1C9-9491-4B7F-B78B-E518084C2C38}"
EndProject
Project("{9A19103F-16F7-4668-BE54-9A1E7A4F7556}") = "Sejil", "src\Sejil.Server\Sejil.csproj", "{5810C901-5B94-4A47-86D6-94D251BF9CD1}"
EndProject
Project("{2150E333-8FDC-42A3-9474-1A3956D46DE8}") = "sample", "sample", "{31E93A58-DC73-4ED1-94CC-F0B7497A056D}"
EndProject
Project("{9A19103F-16F7-4668-BE54-9A1E7A4F7556}") = "SampleBasic", "sample\SampleBasic\SampleBasic.csproj", "{9E8D75B5-B313-4744-A70B-6CB7E60682B3}"
EndProject
Project("{2150E333-8FDC-42A3-9474-1A3956D46DE8}") = "test", "test", "{D4AEA8DD-AE51-457C-BB4C-0E1C9369FE88}"
EndProject
Project("{9A19103F-16F7-4668-BE54-9A1E7A4F7556}") = "Sejil.Test", "test\Sejil.Server.Test\Sejil.Test.csproj", "{1947CB18-FFAF-4198-956D-78205A898F44}"
EndProject
Project("{9A19103F-16F7-4668-BE54-9A1E7A4F7556}") = "SampleBasicAuth", "sample\SampleBasicAuth\SampleBasicAuth.csproj", "{34C18432-F683-49B4-A307-39493EBADFCD}"
EndProject
Project("{9A19103F-16F7-4668-BE54-9A1E7A4F7556}") = "SampleOIDCAuth", "sample\SampleOIDCAuth\SampleOIDCAuth.csproj", "{8CE372CF-3ABE-4D28-9500-DBE8BC76D8AE}"
EndProject
Project("{FAE04EC0-301F-11D3-BF4B-00C04F79EFBC}") = "SampleNet6", "sample\SampleNet6\SampleNet6.csproj", "{31D3BE87-EC28-445F-89CA-71B83B7B220F}"
EndProject
Global
	GlobalSection(SolutionConfigurationPlatforms) = preSolution
		Debug|Any CPU = Debug|Any CPU
		Debug|x64 = Debug|x64
		Debug|x86 = Debug|x86
		Release|Any CPU = Release|Any CPU
		Release|x64 = Release|x64
		Release|x86 = Release|x86
	EndGlobalSection
	GlobalSection(ProjectConfigurationPlatforms) = postSolution
		{5810C901-5B94-4A47-86D6-94D251BF9CD1}.Debug|Any CPU.ActiveCfg = Debug|Any CPU
		{5810C901-5B94-4A47-86D6-94D251BF9CD1}.Debug|Any CPU.Build.0 = Debug|Any CPU
		{5810C901-5B94-4A47-86D6-94D251BF9CD1}.Debug|x64.ActiveCfg = Debug|Any CPU
		{5810C901-5B94-4A47-86D6-94D251BF9CD1}.Debug|x64.Build.0 = Debug|Any CPU
		{5810C901-5B94-4A47-86D6-94D251BF9CD1}.Debug|x86.ActiveCfg = Debug|Any CPU
		{5810C901-5B94-4A47-86D6-94D251BF9CD1}.Debug|x86.Build.0 = Debug|Any CPU
		{5810C901-5B94-4A47-86D6-94D251BF9CD1}.Release|Any CPU.ActiveCfg = Release|Any CPU
		{5810C901-5B94-4A47-86D6-94D251BF9CD1}.Release|Any CPU.Build.0 = Release|Any CPU
		{5810C901-5B94-4A47-86D6-94D251BF9CD1}.Release|x64.ActiveCfg = Release|Any CPU
		{5810C901-5B94-4A47-86D6-94D251BF9CD1}.Release|x64.Build.0 = Release|Any CPU
		{5810C901-5B94-4A47-86D6-94D251BF9CD1}.Release|x86.ActiveCfg = Release|Any CPU
		{5810C901-5B94-4A47-86D6-94D251BF9CD1}.Release|x86.Build.0 = Release|Any CPU
		{9E8D75B5-B313-4744-A70B-6CB7E60682B3}.Debug|Any CPU.ActiveCfg = Debug|Any CPU
		{9E8D75B5-B313-4744-A70B-6CB7E60682B3}.Debug|Any CPU.Build.0 = Debug|Any CPU
		{9E8D75B5-B313-4744-A70B-6CB7E60682B3}.Debug|x64.ActiveCfg = Debug|Any CPU
		{9E8D75B5-B313-4744-A70B-6CB7E60682B3}.Debug|x64.Build.0 = Debug|Any CPU
		{9E8D75B5-B313-4744-A70B-6CB7E60682B3}.Debug|x86.ActiveCfg = Debug|Any CPU
		{9E8D75B5-B313-4744-A70B-6CB7E60682B3}.Debug|x86.Build.0 = Debug|Any CPU
		{9E8D75B5-B313-4744-A70B-6CB7E60682B3}.Release|Any CPU.ActiveCfg = Release|Any CPU
		{9E8D75B5-B313-4744-A70B-6CB7E60682B3}.Release|Any CPU.Build.0 = Release|Any CPU
		{9E8D75B5-B313-4744-A70B-6CB7E60682B3}.Release|x64.ActiveCfg = Release|Any CPU
		{9E8D75B5-B313-4744-A70B-6CB7E60682B3}.Release|x64.Build.0 = Release|Any CPU
		{9E8D75B5-B313-4744-A70B-6CB7E60682B3}.Release|x86.ActiveCfg = Release|Any CPU
		{9E8D75B5-B313-4744-A70B-6CB7E60682B3}.Release|x86.Build.0 = Release|Any CPU
		{1947CB18-FFAF-4198-956D-78205A898F44}.Debug|Any CPU.ActiveCfg = Debug|Any CPU
		{1947CB18-FFAF-4198-956D-78205A898F44}.Debug|Any CPU.Build.0 = Debug|Any CPU
		{1947CB18-FFAF-4198-956D-78205A898F44}.Debug|x64.ActiveCfg = Debug|Any CPU
		{1947CB18-FFAF-4198-956D-78205A898F44}.Debug|x64.Build.0 = Debug|Any CPU
		{1947CB18-FFAF-4198-956D-78205A898F44}.Debug|x86.ActiveCfg = Debug|Any CPU
		{1947CB18-FFAF-4198-956D-78205A898F44}.Debug|x86.Build.0 = Debug|Any CPU
		{1947CB18-FFAF-4198-956D-78205A898F44}.Release|Any CPU.ActiveCfg = Release|Any CPU
		{1947CB18-FFAF-4198-956D-78205A898F44}.Release|Any CPU.Build.0 = Release|Any CPU
		{1947CB18-FFAF-4198-956D-78205A898F44}.Release|x64.ActiveCfg = Release|Any CPU
		{1947CB18-FFAF-4198-956D-78205A898F44}.Release|x64.Build.0 = Release|Any CPU
		{1947CB18-FFAF-4198-956D-78205A898F44}.Release|x86.ActiveCfg = Release|Any CPU
		{1947CB18-FFAF-4198-956D-78205A898F44}.Release|x86.Build.0 = Release|Any CPU
		{34C18432-F683-49B4-A307-39493EBADFCD}.Debug|Any CPU.ActiveCfg = Debug|Any CPU
		{34C18432-F683-49B4-A307-39493EBADFCD}.Debug|Any CPU.Build.0 = Debug|Any CPU
		{34C18432-F683-49B4-A307-39493EBADFCD}.Debug|x64.ActiveCfg = Debug|Any CPU
		{34C18432-F683-49B4-A307-39493EBADFCD}.Debug|x64.Build.0 = Debug|Any CPU
		{34C18432-F683-49B4-A307-39493EBADFCD}.Debug|x86.ActiveCfg = Debug|Any CPU
		{34C18432-F683-49B4-A307-39493EBADFCD}.Debug|x86.Build.0 = Debug|Any CPU
		{34C18432-F683-49B4-A307-39493EBADFCD}.Release|Any CPU.ActiveCfg = Release|Any CPU
		{34C18432-F683-49B4-A307-39493EBADFCD}.Release|Any CPU.Build.0 = Release|Any CPU
		{34C18432-F683-49B4-A307-39493EBADFCD}.Release|x64.ActiveCfg = Release|Any CPU
		{34C18432-F683-49B4-A307-39493EBADFCD}.Release|x64.Build.0 = Release|Any CPU
		{34C18432-F683-49B4-A307-39493EBADFCD}.Release|x86.ActiveCfg = Release|Any CPU
		{34C18432-F683-49B4-A307-39493EBADFCD}.Release|x86.Build.0 = Release|Any CPU
		{8CE372CF-3ABE-4D28-9500-DBE8BC76D8AE}.Debug|Any CPU.ActiveCfg = Debug|Any CPU
		{8CE372CF-3ABE-4D28-9500-DBE8BC76D8AE}.Debug|Any CPU.Build.0 = Debug|Any CPU
		{8CE372CF-3ABE-4D28-9500-DBE8BC76D8AE}.Debug|x64.ActiveCfg = Debug|Any CPU
		{8CE372CF-3ABE-4D28-9500-DBE8BC76D8AE}.Debug|x64.Build.0 = Debug|Any CPU
		{8CE372CF-3ABE-4D28-9500-DBE8BC76D8AE}.Debug|x86.ActiveCfg = Debug|Any CPU
		{8CE372CF-3ABE-4D28-9500-DBE8BC76D8AE}.Debug|x86.Build.0 = Debug|Any CPU
		{8CE372CF-3ABE-4D28-9500-DBE8BC76D8AE}.Release|Any CPU.ActiveCfg = Release|Any CPU
		{8CE372CF-3ABE-4D28-9500-DBE8BC76D8AE}.Release|Any CPU.Build.0 = Release|Any CPU
		{8CE372CF-3ABE-4D28-9500-DBE8BC76D8AE}.Release|x64.ActiveCfg = Release|Any CPU
		{8CE372CF-3ABE-4D28-9500-DBE8BC76D8AE}.Release|x64.Build.0 = Release|Any CPU
		{8CE372CF-3ABE-4D28-9500-DBE8BC76D8AE}.Release|x86.ActiveCfg = Release|Any CPU
		{8CE372CF-3ABE-4D28-9500-DBE8BC76D8AE}.Release|x86.Build.0 = Release|Any CPU
		{31D3BE87-EC28-445F-89CA-71B83B7B220F}.Debug|Any CPU.ActiveCfg = Debug|Any CPU
		{31D3BE87-EC28-445F-89CA-71B83B7B220F}.Debug|Any CPU.Build.0 = Debug|Any CPU
		{31D3BE87-EC28-445F-89CA-71B83B7B220F}.Debug|x64.ActiveCfg = Debug|Any CPU
		{31D3BE87-EC28-445F-89CA-71B83B7B220F}.Debug|x64.Build.0 = Debug|Any CPU
		{31D3BE87-EC28-445F-89CA-71B83B7B220F}.Debug|x86.ActiveCfg = Debug|Any CPU
		{31D3BE87-EC28-445F-89CA-71B83B7B220F}.Debug|x86.Build.0 = Debug|Any CPU
		{31D3BE87-EC28-445F-89CA-71B83B7B220F}.Release|Any CPU.ActiveCfg = Release|Any CPU
		{31D3BE87-EC28-445F-89CA-71B83B7B220F}.Release|Any CPU.Build.0 = Release|Any CPU
		{31D3BE87-EC28-445F-89CA-71B83B7B220F}.Release|x64.ActiveCfg = Release|Any CPU
		{31D3BE87-EC28-445F-89CA-71B83B7B220F}.Release|x64.Build.0 = Release|Any CPU
		{31D3BE87-EC28-445F-89CA-71B83B7B220F}.Release|x86.ActiveCfg = Release|Any CPU
		{31D3BE87-EC28-445F-89CA-71B83B7B220F}.Release|x86.Build.0 = Release|Any CPU
	EndGlobalSection
	GlobalSection(SolutionProperties) = preSolution
		HideSolutionNode = FALSE
	EndGlobalSection
	GlobalSection(NestedProjects) = preSolution
		{5810C901-5B94-4A47-86D6-94D251BF9CD1} = {3939D1C9-9491-4B7F-B78B-E518084C2C38}
		{9E8D75B5-B313-4744-A70B-6CB7E60682B3} = {31E93A58-DC73-4ED1-94CC-F0B7497A056D}
		{1947CB18-FFAF-4198-956D-78205A898F44} = {D4AEA8DD-AE51-457C-BB4C-0E1C9369FE88}
		{34C18432-F683-49B4-A307-39493EBADFCD} = {31E93A58-DC73-4ED1-94CC-F0B7497A056D}
		{8CE372CF-3ABE-4D28-9500-DBE8BC76D8AE} = {31E93A58-DC73-4ED1-94CC-F0B7497A056D}
		{31D3BE87-EC28-445F-89CA-71B83B7B220F} = {31E93A58-DC73-4ED1-94CC-F0B7497A056D}
	EndGlobalSection
	GlobalSection(ExtensibilityGlobals) = postSolution
		SolutionGuid = {FFBB6D79-6434-4DE1-9503-9330D749DC91}
	EndGlobalSection
EndGlobal
